
Microsoft Visual Studio Solution File, Format Version 12.00
# Visual Studio Version 17
VisualStudioVersion = 17.12.35514.174
MinimumVisualStudioVersion = 10.0.40219.1
Project("{9A19103F-16F7-4668-BE54-9A1E7A4F7556}") = "ClubRainbowSG", "ClubRainbowSG\ClubRainbowSG.csproj", "{354392DD-54B6-45B3-97B6-AA6D21D62691}"
EndProject
Global
	GlobalSection(SolutionConfigurationPlatforms) = preSolution
		Debug|Any CPU = Debug|Any CPU
		Release|Any CPU = Release|Any CPU
	EndGlobalSection
	GlobalSection(ProjectConfigurationPlatforms) = postSolution
		{354392DD-54B6-45B3-97B6-AA6D21D62691}.Debug|Any CPU.ActiveCfg = Debug|Any CPU
		{354392DD-54B6-45B3-97B6-AA6D21D62691}.Debug|Any CPU.Build.0 = Debug|Any CPU
		{354392DD-54B6-45B3-97B6-AA6D21D62691}.Release|Any CPU.ActiveCfg = Release|Any CPU
		{354392DD-54B6-45B3-97B6-AA6D21D62691}.Release|Any CPU.Build.0 = Release|Any CPU
	EndGlobalSection
	GlobalSection(SolutionProperties) = preSolution
		HideSolutionNode = FALSE
	EndGlobalSection
	GlobalSection(ExtensibilityGlobals) = postSolution
		SolutionGuid = {8471F72A-2487-4E18-BA64-A16D9DB10AC4}
	EndGlobalSection
EndGlobal
